[root]
name = "yalp"
version = "0.1.0"
dependencies = [
 "string-interner 0.6.2 (registry+https://github.com/rust-lang/crates.io-index)",
]

[[package]]
name = "string-interner"
version = "0.6.2"
source = "registry+https://github.com/rust-lang/crates.io-index"

[metadata]
"checksum string-interner 0.6.2 (registry+https://github.com/rust-lang/crates.io-index)" = "31d4072200698c546cda2b58456fd751199b5885617363a0ffb179b19b052915"
