[[package]]
name = "arbitrary"
version = "0.1.0"
source = "registry+https://github.com/rust-lang/crates.io-index"

[[package]]
name = "cc"
version = "1.0.3"
source = "registry+https://github.com/rust-lang/crates.io-index"

[[package]]
name = "libfuzzer-sys"
version = "0.1.0"
source = "git+https://github.com/rust-fuzz/libfuzzer-sys.git#737524f7de1e85342b8b6cd1c01edc71018183ba"
dependencies = [
 "arbitrary 0.1.0 (registry+https://github.com/rust-lang/crates.io-index)",
 "cc 1.0.3 (registry+https://github.com/rust-lang/crates.io-index)",
]

[[package]]
name = "string-interner"
version = "0.6.3"
source = "registry+https://github.com/rust-lang/crates.io-index"

[[package]]
name = "yalp"
version = "0.1.0"
dependencies = [
 "string-interner 0.6.3 (registry+https://github.com/rust-lang/crates.io-index)",
]

[[package]]
name = "yalp-fuzz"
version = "0.0.1"
dependencies = [
 "libfuzzer-sys 0.1.0 (git+https://github.com/rust-fuzz/libfuzzer-sys.git)",
 "yalp 0.1.0",
]

[metadata]
"checksum arbitrary 0.1.0 (registry+https://github.com/rust-lang/crates.io-index)" = "baa5f4eaa3a3603a0d83861560ab55dfa6c8dd094b05604e5d006b41ffaeb1d3"
"checksum cc 1.0.3 (registry+https://github.com/rust-lang/crates.io-index)" = "a9b13a57efd6b30ecd6598ebdb302cca617930b5470647570468a65d12ef9719"
"checksum libfuzzer-sys 0.1.0 (git+https://github.com/rust-fuzz/libfuzzer-sys.git)" = "<none>"
"checksum string-interner 0.6.3 (registry+https://github.com/rust-lang/crates.io-index)" = "abb38a0d8fe673c40b10b6b75abcb076a958cc10fb894f14993d9737c4c87000"
