[root]
name = "fuzz"
version = "0.1.0"
dependencies = [
 "yalp 0.1.0",
]

[[package]]
name = "afl"
version = "0.1.5"
source = "registry+https://github.com/rust-lang/crates.io-index"
dependencies = [
 "afl-sys 0.1.5 (registry+https://github.com/rust-lang/crates.io-index)",
 "gcc 0.3.54 (registry+https://github.com/rust-lang/crates.io-index)",
]

[[package]]
name = "afl-plugin"
version = "0.1.5"
source = "registry+https://github.com/rust-lang/crates.io-index"
dependencies = [
 "gcc 0.3.54 (registry+https://github.com/rust-lang/crates.io-index)",
 "quale 1.0.0 (registry+https://github.com/rust-lang/crates.io-index)",
]

[[package]]
name = "afl-sys"
version = "0.1.5"
source = "registry+https://github.com/rust-lang/crates.io-index"
dependencies = [
 "gcc 0.3.54 (registry+https://github.com/rust-lang/crates.io-index)",
 "libc 0.2.32 (registry+https://github.com/rust-lang/crates.io-index)",
]

[[package]]
name = "gcc"
version = "0.3.54"
source = "registry+https://github.com/rust-lang/crates.io-index"

[[package]]
name = "libc"
version = "0.2.32"
source = "registry+https://github.com/rust-lang/crates.io-index"

[[package]]
name = "quale"
version = "1.0.0"
source = "registry+https://github.com/rust-lang/crates.io-index"
dependencies = [
 "libc 0.2.32 (registry+https://github.com/rust-lang/crates.io-index)",
]

[[package]]
name = "string-interner"
version = "0.6.3"
source = "registry+https://github.com/rust-lang/crates.io-index"

[[package]]
name = "yalp"
version = "0.1.0"
dependencies = [
 "afl 0.1.5 (registry+https://github.com/rust-lang/crates.io-index)",
 "afl-plugin 0.1.5 (registry+https://github.com/rust-lang/crates.io-index)",
 "string-interner 0.6.3 (registry+https://github.com/rust-lang/crates.io-index)",
]

[metadata]
"checksum afl 0.1.5 (registry+https://github.com/rust-lang/crates.io-index)" = "3f1c61ca800a28582b60f6a46499bf9f3074600079dd0237193e7b7b09dd6f0c"
"checksum afl-plugin 0.1.5 (registry+https://github.com/rust-lang/crates.io-index)" = "4bcdabd34757f7050dcd8b27a6a9445be0c68bf2da3a5cf7e105091ff2506b80"
"checksum afl-sys 0.1.5 (registry+https://github.com/rust-lang/crates.io-index)" = "2d5ece60f54176799171a28d406f5512582541652cefbc16d8d45dbfa074374e"
"checksum gcc 0.3.54 (registry+https://github.com/rust-lang/crates.io-index)" = "5e33ec290da0d127825013597dbdfc28bee4964690c7ce1166cbc2a7bd08b1bb"
"checksum libc 0.2.32 (registry+https://github.com/rust-lang/crates.io-index)" = "56cce3130fd040c28df6f495c8492e5ec5808fb4c9093c310df02b0c8f030148"
"checksum quale 1.0.0 (registry+https://github.com/rust-lang/crates.io-index)" = "c46811c513cc64cceb23adc27892b3b3470c1790de117610221b97071de8bc8c"
"checksum string-interner 0.6.3 (registry+https://github.com/rust-lang/crates.io-index)" = "abb38a0d8fe673c40b10b6b75abcb076a958cc10fb894f14993d9737c4c87000"
